// !$*UTF8*$!
{
	archiveVersion = 1;
	classes = {
	};
	objectVersion = 56;
	objects = {

/* Begin PBXBuildFile section */
		B522EB4A2B5AF4E700628470 /* SwiftUI_MVVMApp.swift in Sources */ = {isa = PBXBuildFile; fileRef = B522EB492B5AF4E700628470 /* SwiftUI_MVVMApp.swift */; };
		B522EB4C2B5AF4E700628470 /* ContentView.swift in Sources */ = {isa = PBXBuildFile; fileRef = B522EB4B2B5AF4E700628470 /* ContentView.swift */; };
		B522EB4E2B5AF4E800628470 /* Assets.xcassets in Resources */ = {isa = PBXBuildFile; fileRef = B522EB4D2B5AF4E800628470 /* Assets.xcassets */; };
		B522EB512B5AF4E800628470 /* Preview Assets.xcassets in Resources */ = {isa = PBXBuildFile; fileRef = B522EB502B5AF4E800628470 /* Preview Assets.xcassets */; };
		B522EB5B2B5AF4E800628470 /* SwiftUI_MVVMTests.swift in Sources */ = {isa = PBXBuildFile; fileRef = B522EB5A2B5AF4E800628470 /* SwiftUI_MVVMTests.swift */; };
		B522EB652B5AF4E800628470 /* SwiftUI_MVVMUITests.swift in Sources */ = {isa = PBXBuildFile; fileRef = B522EB642B5AF4E800628470 /* SwiftUI_MVVMUITests.swift */; };
		B522EB672B5AF4E800628470 /* SwiftUI_MVVMUITestsLaunchTests.swift in Sources */ = {isa = PBXBuildFile; fileRef = B522EB662B5AF4E800628470 /* SwiftUI_MVVMUITestsLaunchTests.swift */; };
/* End PBXBuildFile section */

/* Begin PBXContainerItemProxy section */
		B522EB572B5AF4E800628470 /* PBXContainerItemProxy */ = {
			isa = PBXContainerItemProxy;
			containerPortal = B522EB3E2B5AF4E700628470 /* Project object */;
			proxyType = 1;
			remoteGlobalIDString = B522EB452B5AF4E700628470;
			remoteInfo = "SwiftUI MVVM";
		};
		B522EB612B5AF4E800628470 /* PBXContainerItemProxy */ = {
			isa = PBXContainerItemProxy;
			containerPortal = B522EB3E2B5AF4E700628470 /* Project object */;
			proxyType = 1;
			remoteGlobalIDString = B522EB452B5AF4E700628470;
			remoteInfo = "SwiftUI MVVM";
		};
/* End PBXContainerItemProxy section */

/* Begin PBXFileReference section */
		B522EB462B5AF4E700628470 /* SwiftUI MVVM.app */ = {isa = PBXFileReference; explicitFileType = wrapper.application; includeInIndex = 0; path = "SwiftUI MVVM.app"; sourceTree = BUILT_PRODUCTS_DIR; };
		B522EB492B5AF4E700628470 /* SwiftUI_MVVMApp.swift */ = {isa = PBXFileReference; lastKnownFileType = sourcecode.swift; path = SwiftUI_MVVMApp.swift; sourceTree = "<group>"; };
		B522EB4B2B5AF4E700628470 /* ContentView.swift */ = {isa = PBXFileReference; lastKnownFileType = sourcecode.swift; path = ContentView.swift; sourceTree = "<group>"; };
		B522EB4D2B5AF4E800628470 /* Assets.xcassets */ = {isa = PBXFileReference; lastKnownFileType = folder.assetcatalog; path = Assets.xcassets; sourceTree = "<group>"; };
		B522EB502B5AF4E800628470 /* Preview Assets.xcassets */ = {isa = PBXFileReference; lastKnownFileType = folder.assetcatalog; path = "Preview Assets.xcassets"; sourceTree = "<group>"; };
		B522EB562B5AF4E800628470 /* SwiftUI MVVMTests.xctest */ = {isa = PBXFileReference; explicitFileType = wrapper.cfbundle; includeInIndex = 0; path = "SwiftUI MVVMTests.xctest"; sourceTree = BUILT_PRODUCTS_DIR; };
		B522EB5A2B5AF4E800628470 /* SwiftUI_MVVMTests.swift */ = {isa = PBXFileReference; lastKnownFileType = sourcecode.swift; path = SwiftUI_MVVMTests.swift; sourceTree = "<group>"; };
		B522EB602B5AF4E800628470 /* SwiftUI MVVMUITests.xctest */ = {isa = PBXFileReference; explicitFileType = wrapper.cfbundle; includeInIndex = 0; path = "SwiftUI MVVMUITests.xctest"; sourceTree = BUILT_PRODUCTS_DIR; };
		B522EB642B5AF4E800628470 /* SwiftUI_MVVMUITests.swift */ = {isa = PBXFileReference; lastKnownFileType = sourcecode.swift; path = SwiftUI_MVVMUITests.swift; sourceTree = "<group>"; };
		B522EB662B5AF4E800628470 /* SwiftUI_MVVMUITestsLaunchTests.swift */ = {isa = PBXFileReference; lastKnownFileType = sourcecode.swift; path = SwiftUI_MVVMUITestsLaunchTests.swift; sourceTree = "<group>"; };
/* End PBXFileReference section */

/* Begin PBXFrameworksBuildPhase section */
		B522EB432B5AF4E700628470 /* Frameworks */ = {
			isa = PBXFrameworksBuildPhase;
			buildActionMask = 2147483647;
			files = (
			);
			runOnlyForDeploymentPostprocessing = 0;
		};
		B522EB532B5AF4E800628470 /* Frameworks */ = {
			isa = PBXFrameworksBuildPhase;
			buildActionMask = 2147483647;
			files = (
			);
			runOnlyForDeploymentPostprocessing = 0;
		};
		B522EB5D2B5AF4E800628470 /* Frameworks */ = {
			isa = PBXFrameworksBuildPhase;
			buildActionMask = 2147483647;
			files = (
			);
			runOnlyForDeploymentPostprocessing = 0;
		};
/* End PBXFrameworksBuildPhase section */

/* Begin PBXGroup section */
		B522EB3D2B5AF4E700628470 = {
			isa = PBXGroup;
			children = (
				B522EB482B5AF4E700628470 /* SwiftUI MVVM */,
				B522EB592B5AF4E800628470 /* SwiftUI MVVMTests */,
				B522EB632B5AF4E800628470 /* SwiftUI MVVMUITests */,
				B522EB472B5AF4E700628470 /* Products */,
			);
			sourceTree = "<group>";
		};
		B522EB472B5AF4E700628470 /* Products */ = {
			isa = PBXGroup;
			children = (
				B522EB462B5AF4E700628470 /* SwiftUI MVVM.app */,
				B522EB562B5AF4E800628470 /* SwiftUI MVVMTests.xctest */,
				B522EB602B5AF4E800628470 /* SwiftUI MVVMUITests.xctest */,
			);
			name = Products;
			sourceTree = "<group>";
		};
		B522EB482B5AF4E700628470 /* SwiftUI MVVM */ = {
			isa = PBXGroup;
			children = (
				B522EB492B5AF4E700628470 /* SwiftUI_MVVMApp.swift */,
				B522EB4B2B5AF4E700628470 /* ContentView.swift */,
				B522EB4D2B5AF4E800628470 /* Assets.xcassets */,
				B522EB4F2B5AF4E800628470 /* Preview Content */,
			);
			path = "SwiftUI MVVM";
			sourceTree = "<group>";
		};
		B522EB4F2B5AF4E800628470 /* Preview Content */ = {
			isa = PBXGroup;
			children = (
				B522EB502B5AF4E800628470 /* Preview Assets.xcassets */,
			);
			path = "Preview Content";
			sourceTree = "<group>";
		};
		B522EB592B5AF4E800628470 /* SwiftUI MVVMTests */ = {
			isa = PBXGroup;
			children = (
				B522EB5A2B5AF4E800628470 /* SwiftUI_MVVMTests.swift */,
			);
			path = "SwiftUI MVVMTests";
			sourceTree = "<group>";
		};
		B522EB632B5AF4E800628470 /* SwiftUI MVVMUITests */ = {
			isa = PBXGroup;
			children = (
				B522EB642B5AF4E800628470 /* SwiftUI_MVVMUITests.swift */,
				B522EB662B5AF4E800628470 /* SwiftUI_MVVMUITestsLaunchTests.swift */,
			);
			path = "SwiftUI MVVMUITests";
			sourceTree = "<group>";
		};
/* End PBXGroup section */

/* Begin PBXNativeTarget section */
		B522EB452B5AF4E700628470 /* SwiftUI MVVM */ = {
			isa = PBXNativeTarget;
			buildConfigurationList = B522EB6A2B5AF4E800628470 /* Build configuration list for PBXNativeTarget "SwiftUI MVVM" */;
			buildPhases = (
				B522EB422B5AF4E700628470 /* Sources */,
				B522EB432B5AF4E700628470 /* Frameworks */,
				B522EB442B5AF4E700628470 /* Resources */,
			);
			buildRules = (
			);
			dependencies = (
			);
			name = "SwiftUI MVVM";
			productName = "SwiftUI MVVM";
			productReference = B522EB462B5AF4E700628470 /* SwiftUI MVVM.app */;
			productType = "com.apple.product-type.application";
		};
		B522EB552B5AF4E800628470 /* SwiftUI MVVMTests */ = {
			isa = PBXNativeTarget;
			buildConfigurationList = B522EB6D2B5AF4E800628470 /* Build configuration list for PBXNativeTarget "SwiftUI MVVMTests" */;
			buildPhases = (
				B522EB522B5AF4E800628470 /* Sources */,
				B522EB532B5AF4E800628470 /* Frameworks */,
				B522EB542B5AF4E800628470 /* Resources */,
			);
			buildRules = (
			);
			dependencies = (
				B522EB582B5AF4E800628470 /* PBXTargetDependency */,
			);
			name = "SwiftUI MVVMTests";
			productName = "SwiftUI MVVMTests";
			productReference = B522EB562B5AF4E800628470 /* SwiftUI MVVMTests.xctest */;
			productType = "com.apple.product-type.bundle.unit-test";
		};
		B522EB5F2B5AF4E800628470 /* SwiftUI MVVMUITests */ = {
			isa = PBXNativeTarget;
			buildConfigurationList = B522EB702B5AF4E800628470 /* Build configuration list for PBXNativeTarget "SwiftUI MVVMUITests" */;
			buildPhases = (
				B522EB5C2B5AF4E800628470 /* Sources */,
				B522EB5D2B5AF4E800628470 /* Frameworks */,
				B522EB5E2B5AF4E800628470 /* Resources */,
			);
			buildRules = (
			);
			dependencies = (
				B522EB622B5AF4E800628470 /* PBXTargetDependency */,
			);
			name = "SwiftUI MVVMUITests";
			productName = "SwiftUI MVVMUITests";
			productReference = B522EB602B5AF4E800628470 /* SwiftUI MVVMUITests.xctest */;
			productType = "com.apple.product-type.bundle.ui-testing";
		};
/* End PBXNativeTarget section */

/* Begin PBXProject section */
		B522EB3E2B5AF4E700628470 /* Project object */ = {
			isa = PBXProject;
			attributes = {
				BuildIndependentTargetsInParallel = 1;
				LastSwiftUpdateCheck = 1520;
				LastUpgradeCheck = 1520;
				TargetAttributes = {
					B522EB452B5AF4E700628470 = {
						CreatedOnToolsVersion = 15.2;
					};
					B522EB552B5AF4E800628470 = {
						CreatedOnToolsVersion = 15.2;
						TestTargetID = B522EB452B5AF4E700628470;
					};
					B522EB5F2B5AF4E800628470 = {
						CreatedOnToolsVersion = 15.2;
						TestTargetID = B522EB452B5AF4E700628470;
					};
				};
			};
			buildConfigurationList = B522EB412B5AF4E700628470 /* Build configuration list for PBXProject "SwiftUI MVVM" */;
			compatibilityVersion = "Xcode 14.0";
			developmentRegion = en;
			hasScannedForEncodings = 0;
			knownRegions = (
				en,
				Base,
			);
			mainGroup = B522EB3D2B5AF4E700628470;
			productRefGroup = B522EB472B5AF4E700628470 /* Products */;
			projectDirPath = "";
			projectRoot = "";
			targets = (
				B522EB452B5AF4E700628470 /* SwiftUI MVVM */,
				B522EB552B5AF4E800628470 /* SwiftUI MVVMTests */,
				B522EB5F2B5AF4E800628470 /* SwiftUI MVVMUITests */,
			);
		};
/* End PBXProject section */

/* Begin PBXResourcesBuildPhase section */
		B522EB442B5AF4E700628470 /* Resources */ = {
			isa = PBXResourcesBuildPhase;
			buildActionMask = 2147483647;
			files = (
				B522EB512B5AF4E800628470 /* Preview Assets.xcassets in Resources */,
				B522EB4E2B5AF4E800628470 /* Assets.xcassets in Resources */,
			);
			runOnlyForDeploymentPostprocessing = 0;
		};
		B522EB542B5AF4E800628470 /* Resources */ = {
			isa = PBXResourcesBuildPhase;
			buildActionMask = 2147483647;
			files = (
			);
			runOnlyForDeploymentPostprocessing = 0;
		};
		B522EB5E2B5AF4E800628470 /* Resources */ = {
			isa = PBXResourcesBuildPhase;
			buildActionMask = 2147483647;
			files = (
			);
			runOnlyForDeploymentPostprocessing = 0;
		};
/* End PBXResourcesBuildPhase section */

/* Begin PBXSourcesBuildPhase section */
		B522EB422B5AF4E700628470 /* Sources */ = {
			isa = PBXSourcesBuildPhase;
			buildActionMask = 2147483647;
			files = (
				B522EB4C2B5AF4E700628470 /* ContentView.swift in Sources */,
				B522EB4A2B5AF4E700628470 /* SwiftUI_MVVMApp.swift in Sources */,
			);
			runOnlyForDeploymentPostprocessing = 0;
		};
		B522EB522B5AF4E800628470 /* Sources */ = {
			isa = PBXSourcesBuildPhase;
			buildActionMask = 2147483647;
			files = (
				B522EB5B2B5AF4E800628470 /* SwiftUI_MVVMTests.swift in Sources */,
			);
			runOnlyForDeploymentPostprocessing = 0;
		};
		B522EB5C2B5AF4E800628470 /* Sources */ = {
			isa = PBXSourcesBuildPhase;
			buildActionMask = 2147483647;
			files = (
				B522EB672B5AF4E800628470 /* SwiftUI_MVVMUITestsLaunchTests.swift in Sources */,
				B522EB652B5AF4E800628470 /* SwiftUI_MVVMUITests.swift in Sources */,
			);
			runOnlyForDeploymentPostprocessing = 0;
		};
/* End PBXSourcesBuildPhase section */

/* Begin PBXTargetDependency section */
		B522EB582B5AF4E800628470 /* PBXTargetDependency */ = {
			isa = PBXTargetDependency;
			target = B522EB452B5AF4E700628470 /* SwiftUI MVVM */;
			targetProxy = B522EB572B5AF4E800628470 /* PBXContainerItemProxy */;
		};
		B522EB622B5AF4E800628470 /* PBXTargetDependency */ = {
			isa = PBXTargetDependency;
			target = B522EB452B5AF4E700628470 /* SwiftUI MVVM */;
			targetProxy = B522EB612B5AF4E800628470 /* PBXContainerItemProxy */;
		};
/* End PBXTargetDependency section */

/* Begin XCBuildConfiguration section */
		B522EB682B5AF4E800628470 /* Debug */ = {
			isa = XCBuildConfiguration;
			buildSettings = {
				ALWAYS_SEARCH_USER_PATHS = NO;
				ASSETCATALOG_COMPILER_GENERATE_SWIFT_ASSET_SYMBOL_EXTENSIONS = YES;
				CLANG_ANALYZER_NONNULL = YES;
				CLANG_ANALYZER_NUMBER_OBJECT_CONVERSION = YES_AGGRESSIVE;
				CLANG_CXX_LANGUAGE_STANDARD = "gnu++20";
				CLANG_ENABLE_MODULES = YES;
				CLANG_ENABLE_OBJC_ARC = YES;
				CLANG_ENABLE_OBJC_WEAK = YES;
				CLANG_WARN_BLOCK_CAPTURE_AUTORELEASING = YES;
				CLANG_WARN_BOOL_CONVERSION = YES;
				CLANG_WARN_COMMA = YES;
				CLANG_WARN_CONSTANT_CONVERSION = YES;
				CLANG_WARN_DEPRECATED_OBJC_IMPLEMENTATIONS = YES;
				CLANG_WARN_DIRECT_OBJC_ISA_USAGE = YES_ERROR;
				CLANG_WARN_DOCUMENTATION_COMMENTS = YES;
				CLANG_WARN_EMPTY_BODY = YES;
				CLANG_WARN_ENUM_CONVERSION = YES;
				CLANG_WARN_INFINITE_RECURSION = YES;
				CLANG_WARN_INT_CONVERSION = YES;
				CLANG_WARN_NON_LITERAL_NULL_CONVERSION = YES;
				CLANG_WARN_OBJC_IMPLICIT_RETAIN_SELF = YES;
				CLANG_WARN_OBJC_LITERAL_CONVERSION = YES;
				CLANG_WARN_OBJC_ROOT_CLASS = YES_ERROR;
				CLANG_WARN_QUOTED_INCLUDE_IN_FRAMEWORK_HEADER = YES;
				CLANG_WARN_RANGE_LOOP_ANALYSIS = YES;
				CLANG_WARN_STRICT_PROTOTYPES = YES;
				CLANG_WARN_SUSPICIOUS_MOVE = YES;
				CLANG_WARN_UNGUARDED_AVAILABILITY = YES_AGGRESSIVE;
				CLANG_WARN_UNREACHABLE_CODE = YES;
				CLANG_WARN__DUPLICATE_METHOD_MATCH = YES;
				COPY_PHASE_STRIP = NO;
				DEBUG_INFORMATION_FORMAT = dwarf;
				ENABLE_STRICT_OBJC_MSGSEND = YES;
				ENABLE_TESTABILITY = YES;
				ENABLE_USER_SCRIPT_SANDBOXING = YES;
				GCC_C_LANGUAGE_STANDARD = gnu17;
				GCC_DYNAMIC_NO_PIC = NO;
				GCC_NO_COMMON_BLOCKS = YES;
				GCC_OPTIMIZATION_LEVEL = 0;
				GCC_PREPROCESSOR_DEFINITIONS = (
					"DEBUG=1",
					"$(inherited)",
				);
				GCC_WARN_64_TO_32_BIT_CONVERSION = YES;
				GCC_WARN_ABOUT_RETURN_TYPE = YES_ERROR;
				GCC_WARN_UNDECLARED_SELECTOR = YES;
				GCC_WARN_UNINITIALIZED_AUTOS = YES_AGGRESSIVE;
				GCC_WARN_UNUSED_FUNCTION = YES;
				GCC_WARN_UNUSED_VARIABLE = YES;
				IPHONEOS_DEPLOYMENT_TARGET = 17.2;
				LOCALIZATION_PREFERS_STRING_CATALOGS = YES;
				MTL_ENABLE_DEBUG_INFO = INCLUDE_SOURCE;
				MTL_FAST_MATH = YES;
				ONLY_ACTIVE_ARCH = YES;
				SDKROOT = iphoneos;
				SWIFT_ACTIVE_COMPILATION_CONDITIONS = "DEBUG $(inherited)";
				SWIFT_OPTIMIZATION_LEVEL = "-Onone";
			};
			name = Debug;
		};
		B522EB692B5AF4E800628470 /* Release */ = {
			isa = XCBuildConfiguration;
			buildSettings = {
				ALWAYS_SEARCH_USER_PATHS = NO;
				ASSETCATALOG_COMPILER_GENERATE_SWIFT_ASSET_SYMBOL_EXTENSIONS = YES;
				CLANG_ANALYZER_NONNULL = YES;
				CLANG_ANALYZER_NUMBER_OBJECT_CONVERSION = YES_AGGRESSIVE;
				CLANG_CXX_LANGUAGE_STANDARD = "gnu++20";
				CLANG_ENABLE_MODULES = YES;
				CLANG_ENABLE_OBJC_ARC = YES;
				CLANG_ENABLE_OBJC_WEAK = YES;
				CLANG_WARN_BLOCK_CAPTURE_AUTORELEASING = YES;
				CLANG_WARN_BOOL_CONVERSION = YES;
				CLANG_WARN_COMMA = YES;
				CLANG_WARN_CONSTANT_CONVERSION = YES;
				CLANG_WARN_DEPRECATED_OBJC_IMPLEMENTATIONS = YES;
				CLANG_WARN_DIRECT_OBJC_ISA_USAGE = YES_ERROR;
				CLANG_WARN_DOCUMENTATION_COMMENTS = YES;
				CLANG_WARN_EMPTY_BODY = YES;
				CLANG_WARN_ENUM_CONVERSION = YES;
				CLANG_WARN_INFINITE_RECURSION = YES;
				CLANG_WARN_INT_CONVERSION = YES;
				CLANG_WARN_NON_LITERAL_NULL_CONVERSION = YES;
				CLANG_WARN_OBJC_IMPLICIT_RETAIN_SELF = YES;
				CLANG_WARN_OBJC_LITERAL_CONVERSION = YES;
				CLANG_WARN_OBJC_ROOT_CLASS = YES_ERROR;
				CLANG_WARN_QUOTED_INCLUDE_IN_FRAMEWORK_HEADER = YES;
				CLANG_WARN_RANGE_LOOP_ANALYSIS = YES;
				CLANG_WARN_STRICT_PROTOTYPES = YES;
				CLANG_WARN_SUSPICIOUS_MOVE = YES;
				CLANG_WARN_UNGUARDED_AVAILABILITY = YES_AGGRESSIVE;
				CLANG_WARN_UNREACHABLE_CODE = YES;
				CLANG_WARN__DUPLICATE_METHOD_MATCH = YES;
				COPY_PHASE_STRIP = NO;
				DEBUG_INFORMATION_FORMAT = "dwarf-with-dsym";
				ENABLE_NS_ASSERTIONS = NO;
				ENABLE_STRICT_OBJC_MSGSEND = YES;
				ENABLE_USER_SCRIPT_SANDBOXING = YES;
				GCC_C_LANGUAGE_STANDARD = gnu17;
				GCC_NO_COMMON_BLOCKS = YES;
				GCC_WARN_64_TO_32_BIT_CONVERSION = YES;
				GCC_WARN_ABOUT_RETURN_TYPE = YES_ERROR;
				GCC_WARN_UNDECLARED_SELECTOR = YES;
				GCC_WARN_UNINITIALIZED_AUTOS = YES_AGGRESSIVE;
				GCC_WARN_UNUSED_FUNCTION = YES;
				GCC_WARN_UNUSED_VARIABLE = YES;
				IPHONEOS_DEPLOYMENT_TARGET = 17.2;
				LOCALIZATION_PREFERS_STRING_CATALOGS = YES;
				MTL_ENABLE_DEBUG_INFO = NO;
				MTL_FAST_MATH = YES;
				SDKROOT = iphoneos;
				SWIFT_COMPILATION_MODE = wholemodule;
				VALIDATE_PRODUCT = YES;
			};
			name = Release;
		};
		B522EB6B2B5AF4E800628470 /* Debug */ = {
			isa = XCBuildConfiguration;
			buildSettings = {
				ASSETCATALOG_COMPILER_APPICON_NAME = AppIcon;
				ASSETCATALOG_COMPILER_GLOBAL_ACCENT_COLOR_NAME = AccentColor;
				CODE_SIGN_STYLE = Automatic;
				CURRENT_PROJECT_VERSION = 1;
				DEVELOPMENT_ASSET_PATHS = "\"SwiftUI MVVM/Preview Content\"";
				DEVELOPMENT_TEAM = U974T7YF94;
				ENABLE_PREVIEWS = YES;
				GENERATE_INFOPLIST_FILE = YES;
				INFOPLIST_KEY_UIApplicationSceneManifest_Generation = YES;
				INFOPLIST_KEY_UIApplicationSupportsIndirectInputEvents = YES;
				INFOPLIST_KEY_UILaunchScreen_Generation = YES;
				INFOPLIST_KEY_UISupportedInterfaceOrientations_iPad = "UIInterfaceOrientationPortrait UIInterfaceOrientationPortraitUpsideDown UIInterfaceOrientationLandscapeLeft UIInterfaceOrientationLandscapeRight";
				INFOPLIST_KEY_UISupportedInterfaceOrientations_iPhone = "UIInterfaceOrientationPortrait UIInterfaceOrientationLandscapeLeft UIInterfaceOrientationLandscapeRight";
				LD_RUNPATH_SEARCH_PATHS = (
					"$(inherited)",
					"@executable_path/Frameworks",
				);
				MARKETING_VERSION = 1.0;
				PRODUCT_BUNDLE_IDENTIFIER = "com.joaoleonardo.SwiftUI-MVVM";
				PRODUCT_NAME = "$(TARGET_NAME)";
				SWIFT_EMIT_LOC_STRINGS = YES;
				SWIFT_VERSION = 5.0;
				TARGETED_DEVICE_FAMILY = "1,2";
			};
			name = Debug;
		};
		B522EB6C2B5AF4E800628470 /* Release */ = {
			isa = XCBuildConfiguration;
			buildSettings = {
				ASSETCATALOG_COMPILER_APPICON_NAME = AppIcon;
				ASSETCATALOG_COMPILER_GLOBAL_ACCENT_COLOR_NAME = AccentColor;
				CODE_SIGN_STYLE = Automatic;
				CURRENT_PROJECT_VERSION = 1;
				DEVELOPMENT_ASSET_PATHS = "\"SwiftUI MVVM/Preview Content\"";
				DEVELOPMENT_TEAM = U974T7YF94;
				ENABLE_PREVIEWS = YES;
				GENERATE_INFOPLIST_FILE = YES;
				INFOPLIST_KEY_UIApplicationSceneManifest_Generation = YES;
				INFOPLIST_KEY_UIApplicationSupportsIndirectInputEvents = YES;
				INFOPLIST_KEY_UILaunchScreen_Generation = YES;
				INFOPLIST_KEY_UISupportedInterfaceOrientations_iPad = "UIInterfaceOrientationPortrait UIInterfaceOrientationPortraitUpsideDown UIInterfaceOrientationLandscapeLeft UIInterfaceOrientationLandscapeRight";
				INFOPLIST_KEY_UISupportedInterfaceOrientations_iPhone = "UIInterfaceOrientationPortrait UIInterfaceOrientationLandscapeLeft UIInterfaceOrientationLandscapeRight";
				LD_RUNPATH_SEARCH_PATHS = (
					"$(inherited)",
					"@executable_path/Frameworks",
				);
				MARKETING_VERSION = 1.0;
				PRODUCT_BUNDLE_IDENTIFIER = "com.joaoleonardo.SwiftUI-MVVM";
				PRODUCT_NAME = "$(TARGET_NAME)";
				SWIFT_EMIT_LOC_STRINGS = YES;
				SWIFT_VERSION = 5.0;
				TARGETED_DEVICE_FAMILY = "1,2";
			};
			name = Release;
		};
		B522EB6E2B5AF4E800628470 /* Debug */ = {
			isa = XCBuildConfiguration;
			buildSettings = {
				ALWAYS_EMBED_SWIFT_STANDARD_LIBRARIES = YES;
				BUNDLE_LOADER = "$(TEST_HOST)";
				CODE_SIGN_STYLE = Automatic;
				CURRENT_PROJECT_VERSION = 1;
				DEVELOPMENT_TEAM = U974T7YF94;
				GENERATE_INFOPLIST_FILE = YES;
				IPHONEOS_DEPLOYMENT_TARGET = 17.2;
				MARKETING_VERSION = 1.0;
				PRODUCT_BUNDLE_IDENTIFIER = "com.joaoleonardo.SwiftUI-MVVMTests";
				PRODUCT_NAME = "$(TARGET_NAME)";
				SWIFT_EMIT_LOC_STRINGS = NO;
				SWIFT_VERSION = 5.0;
				TARGETED_DEVICE_FAMILY = "1,2";
				TEST_HOST = "$(BUILT_PRODUCTS_DIR)/SwiftUI MVVM.app/$(BUNDLE_EXECUTABLE_FOLDER_PATH)/SwiftUI MVVM";
			};
			name = Debug;
		};
		B522EB6F2B5AF4E800628470 /* Release */ = {
			isa = XCBuildConfiguration;
			buildSettings = {
				ALWAYS_EMBED_SWIFT_STANDARD_LIBRARIES = YES;
				BUNDLE_LOADER = "$(TEST_HOST)";
				CODE_SIGN_STYLE = Automatic;
				CURRENT_PROJECT_VERSION = 1;
				DEVELOPMENT_TEAM = U974T7YF94;
				GENERATE_INFOPLIST_FILE = YES;
				IPHONEOS_DEPLOYMENT_TARGET = 17.2;
				MARKETING_VERSION = 1.0;
				PRODUCT_BUNDLE_IDENTIFIER = "com.joaoleonardo.SwiftUI-MVVMTests";
				PRODUCT_NAME = "$(TARGET_NAME)";
				SWIFT_EMIT_LOC_STRINGS = NO;
				SWIFT_VERSION = 5.0;
				TARGETED_DEVICE_FAMILY = "1,2";
				TEST_HOST = "$(BUILT_PRODUCTS_DIR)/SwiftUI MVVM.app/$(BUNDLE_EXECUTABLE_FOLDER_PATH)/SwiftUI MVVM";
			};
			name = Release;
		};
		B522EB712B5AF4E800628470 /* Debug */ = {
			isa = XCBuildConfiguration;
			buildSettings = {
				ALWAYS_EMBED_SWIFT_STANDARD_LIBRARIES = YES;
				CODE_SIGN_STYLE = Automatic;
				CURRENT_PROJECT_VERSION = 1;
				DEVELOPMENT_TEAM = U974T7YF94;
				GENERATE_INFOPLIST_FILE = YES;
				MARKETING_VERSION = 1.0;
				PRODUCT_BUNDLE_IDENTIFIER = "com.joaoleonardo.SwiftUI-MVVMUITests";
				PRODUCT_NAME = "$(TARGET_NAME)";
				SWIFT_EMIT_LOC_STRINGS = NO;
				SWIFT_VERSION = 5.0;
				TARGETED_DEVICE_FAMILY = "1,2";
				TEST_TARGET_NAME = "SwiftUI MVVM";
			};
			name = Debug;
		};
		B522EB722B5AF4E800628470 /* Release */ = {
			isa = XCBuildConfiguration;
			buildSettings = {
				ALWAYS_EMBED_SWIFT_STANDARD_LIBRARIES = YES;
				CODE_SIGN_STYLE = Automatic;
				CURRENT_PROJECT_VERSION = 1;
				DEVELOPMENT_TEAM = U974T7YF94;
				GENERATE_INFOPLIST_FILE = YES;
				MARKETING_VERSION = 1.0;
				PRODUCT_BUNDLE_IDENTIFIER = "com.joaoleonardo.SwiftUI-MVVMUITests";
				PRODUCT_NAME = "$(TARGET_NAME)";
				SWIFT_EMIT_LOC_STRINGS = NO;
				SWIFT_VERSION = 5.0;
				TARGETED_DEVICE_FAMILY = "1,2";
				TEST_TARGET_NAME = "SwiftUI MVVM";
			};
			name = Release;
		};
/* End XCBuildConfiguration section */

/* Begin XCConfigurationList section */
		B522EB412B5AF4E700628470 /* Build configuration list for PBXProject "SwiftUI MVVM" */ = {
			isa = XCConfigurationList;
			buildConfigurations = (
				B522EB682B5AF4E800628470 /* Debug */,
				B522EB692B5AF4E800628470 /* Release */,
			);
			defaultConfigurationIsVisible = 0;
			defaultConfigurationName = Release;
		};
		B522EB6A2B5AF4E800628470 /* Build configuration list for PBXNativeTarget "SwiftUI MVVM" */ = {
			isa = XCConfigurationList;
			buildConfigurations = (
				B522EB6B2B5AF4E800628470 /* Debug */,
				B522EB6C2B5AF4E800628470 /* Release */,
			);
			defaultConfigurationIsVisible = 0;
			defaultConfigurationName = Release;
		};
		B522EB6D2B5AF4E800628470 /* Build configuration list for PBXNativeTarget "SwiftUI MVVMTests" */ = {
			isa = XCConfigurationList;
			buildConfigurations = (
				B522EB6E2B5AF4E800628470 /* Debug */,
				B522EB6F2B5AF4E800628470 /* Release */,
			);
			defaultConfigurationIsVisible = 0;
			defaultConfigurationName = Release;
		};
		B522EB702B5AF4E800628470 /* Build configuration list for PBXNativeTarget "SwiftUI MVVMUITests" */ = {
			isa = XCConfigurationList;
			buildConfigurations = (
				B522EB712B5AF4E800628470 /* Debug */,
				B522EB722B5AF4E800628470 /* Release */,
			);
			defaultConfigurationIsVisible = 0;
			defaultConfigurationName = Release;
		};
/* End XCConfigurationList section */
	};
	rootObject = B522EB3E2B5AF4E700628470 /* Project object */;
}
